// !$*UTF8*$!
{
	archiveVersion = 1;
	classes = {
	};
	objectVersion = 46;
	objects = {

/* Begin PBXBuildFile section */
		D046242F1C6EC43100A760D6 /* AppDelegate.swift in Sources */ = {isa = PBXBuildFile; fileRef = D046242E1C6EC43100A760D6 /* AppDelegate.swift */; };
		D04624311C6EC43100A760D6 /* ViewController.swift in Sources */ = {isa = PBXBuildFile; fileRef = D04624301C6EC43100A760D6 /* ViewController.swift */; };
		D04624341C6EC43100A760D6 /* Main.storyboard in Resources */ = {isa = PBXBuildFile; fileRef = D04624321C6EC43100A760D6 /* Main.storyboard */; };
		D04624361C6EC43100A760D6 /* Assets.xcassets in Resources */ = {isa = PBXBuildFile; fileRef = D04624351C6EC43100A760D6 /* Assets.xcassets */; };
		D04624391C6EC43100A760D6 /* LaunchScreen.storyboard in Resources */ = {isa = PBXBuildFile; fileRef = D04624371C6EC43100A760D6 /* LaunchScreen.storyboard */; };
		D04624441C6EC43100A760D6 /* GachagachaTestTests.swift in Sources */ = {isa = PBXBuildFile; fileRef = D04624431C6EC43100A760D6 /* GachagachaTestTests.swift */; };
		D046244F1C6EC43100A760D6 /* GachagachaTestUITests.swift in Sources */ = {isa = PBXBuildFile; fileRef = D046244E1C6EC43100A760D6 /* GachagachaTestUITests.swift */; };
		D046245D1C6EC72300A760D6 /* ResultViewController.swift in Sources */ = {isa = PBXBuildFile; fileRef = D046245C1C6EC72300A760D6 /* ResultViewController.swift */; };
		D04624751C6EC74800A760D6 /* AnimationUtility.swift in Sources */ = {isa = PBXBuildFile; fileRef = D046245F1C6EC74800A760D6 /* AnimationUtility.swift */; };
		D04624761C6EC74800A760D6 /* bg_blue@2x.png in Resources */ = {isa = PBXBuildFile; fileRef = D04624611C6EC74800A760D6 /* bg_blue@2x.png */; };
		D04624771C6EC74800A760D6 /* bg_gold@2x.png in Resources */ = {isa = PBXBuildFile; fileRef = D04624621C6EC74800A760D6 /* bg_gold@2x.png */; };
		D04624781C6EC74800A760D6 /* bg_red@2x.png in Resources */ = {isa = PBXBuildFile; fileRef = D04624631C6EC74800A760D6 /* bg_red@2x.png */; };
		D04624791C6EC74800A760D6 /* gacha@2x (1).png in Resources */ = {isa = PBXBuildFile; fileRef = D04624641C6EC74800A760D6 /* gacha@2x (1).png */; };
		D046247A1C6EC74800A760D6 /* gacha@2x.png in Resources */ = {isa = PBXBuildFile; fileRef = D04624651C6EC74800A760D6 /* gacha@2x.png */; };
		D046247B1C6EC74800A760D6 /* Default-568h@2x.png in Resources */ = {isa = PBXBuildFile; fileRef = D04624671C6EC74800A760D6 /* Default-568h@2x.png */; };
		D046247C1C6EC74800A760D6 /* Default-667h@2x.png in Resources */ = {isa = PBXBuildFile; fileRef = D04624681C6EC74800A760D6 /* Default-667h@2x.png */; };
		D046247D1C6EC74800A760D6 /* Default-736h@3x.png in Resources */ = {isa = PBXBuildFile; fileRef = D04624691C6EC74800A760D6 /* Default-736h@3x.png */; };
		D046247E1C6EC74800A760D6 /* monster001.png in Resources */ = {isa = PBXBuildFile; fileRef = D046246B1C6EC74800A760D6 /* monster001.png */; };
		D046247F1C6EC74800A760D6 /* monster002.png in Resources */ = {isa = PBXBuildFile; fileRef = D046246C1C6EC74800A760D6 /* monster002.png */; };
		D04624801C6EC74800A760D6 /* monster003.png in Resources */ = {isa = PBXBuildFile; fileRef = D046246D1C6EC74800A760D6 /* monster003.png */; };
		D04624811C6EC74800A760D6 /* monster004.png in Resources */ = {isa = PBXBuildFile; fileRef = D046246E1C6EC74800A760D6 /* monster004.png */; };
		D04624821C6EC74800A760D6 /* monster005.png in Resources */ = {isa = PBXBuildFile; fileRef = D046246F1C6EC74800A760D6 /* monster005.png */; };
		D04624831C6EC74800A760D6 /* monster006.png in Resources */ = {isa = PBXBuildFile; fileRef = D04624701C6EC74800A760D6 /* monster006.png */; };
		D04624841C6EC74800A760D6 /* monster007.png in Resources */ = {isa = PBXBuildFile; fileRef = D04624711C6EC74800A760D6 /* monster007.png */; };
		D04624851C6EC74800A760D6 /* monster008.png in Resources */ = {isa = PBXBuildFile; fileRef = D04624721C6EC74800A760D6 /* monster008.png */; };
		D04624861C6EC74800A760D6 /* monster009.png in Resources */ = {isa = PBXBuildFile; fileRef = D04624731C6EC74800A760D6 /* monster009.png */; };
		D04624871C6EC74800A760D6 /* monster010.png in Resources */ = {isa = PBXBuildFile; fileRef = D04624741C6EC74800A760D6 /* monster010.png */; };
/* End PBXBuildFile section */

/* Begin PBXContainerItemProxy section */
		D04624401C6EC43100A760D6 /* PBXContainerItemProxy */ = {
			isa = PBXContainerItemProxy;
			containerPortal = D04624231C6EC43100A760D6 /* Project object */;
			proxyType = 1;
			remoteGlobalIDString = D046242A1C6EC43100A760D6;
			remoteInfo = GachagachaTest;
		};
		D046244B1C6EC43100A760D6 /* PBXContainerItemProxy */ = {
			isa = PBXContainerItemProxy;
			containerPortal = D04624231C6EC43100A760D6 /* Project object */;
			proxyType = 1;
			remoteGlobalIDString = D046242A1C6EC43100A760D6;
			remoteInfo = GachagachaTest;
		};
/* End PBXContainerItemProxy section */

/* Begin PBXFileReference section */
		D046242B1C6EC43100A760D6 /* GachagachaTest.app */ = {isa = PBXFileReference; explicitFileType = wrapper.application; includeInIndex = 0; path = GachagachaTest.app; sourceTree = BUILT_PRODUCTS_DIR; };
		D046242E1C6EC43100A760D6 /* AppDelegate.swift */ = {isa = PBXFileReference; lastKnownFileType = sourcecode.swift; path = AppDelegate.swift; sourceTree = "<group>"; };
		D04624301C6EC43100A760D6 /* ViewController.swift */ = {isa = PBXFileReference; lastKnownFileType = sourcecode.swift; path = ViewController.swift; sourceTree = "<group>"; };
		D04624331C6EC43100A760D6 /* Base */ = {isa = PBXFileReference; lastKnownFileType = file.storyboard; name = Base; path = Base.lproj/Main.storyboard; sourceTree = "<group>"; };
		D04624351C6EC43100A760D6 /* Assets.xcassets */ = {isa = PBXFileReference; lastKnownFileType = folder.assetcatalog; path = Assets.xcassets; sourceTree = "<group>"; };
		D04624381C6EC43100A760D6 /* Base */ = {isa = PBXFileReference; lastKnownFileType = file.storyboard; name = Base; path = Base.lproj/LaunchScreen.storyboard; sourceTree = "<group>"; };
		D046243A1C6EC43100A760D6 /* Info.plist */ = {isa = PBXFileReference; lastKnownFileType = text.plist.xml; path = Info.plist; sourceTree = "<group>"; };
		D046243F1C6EC43100A760D6 /* GachagachaTestTests.xctest */ = {isa = PBXFileReference; explicitFileType = wrapper.cfbundle; includeInIndex = 0; path = GachagachaTestTests.xctest; sourceTree = BUILT_PRODUCTS_DIR; };
		D04624431C6EC43100A760D6 /* GachagachaTestTests.swift */ = {isa = PBXFileReference; lastKnownFileType = sourcecode.swift; path = GachagachaTestTests.swift; sourceTree = "<group>"; };
		D04624451C6EC43100A760D6 /* Info.plist */ = {isa = PBXFileReference; lastKnownFileType = text.plist.xml; path = Info.plist; sourceTree = "<group>"; };
		D046244A1C6EC43100A760D6 /* GachagachaTestUITests.xctest */ = {isa = PBXFileReference; explicitFileType = wrapper.cfbundle; includeInIndex = 0; path = GachagachaTestUITests.xctest; sourceTree = BUILT_PRODUCTS_DIR; };
		D046244E1C6EC43100A760D6 /* GachagachaTestUITests.swift */ = {isa = PBXFileReference; lastKnownFileType = sourcecode.swift; path = GachagachaTestUITests.swift; sourceTree = "<group>"; };
		D04624501C6EC43100A760D6 /* Info.plist */ = {isa = PBXFileReference; lastKnownFileType = text.plist.xml; path = Info.plist; sourceTree = "<group>"; };
		D046245C1C6EC72300A760D6 /* ResultViewController.swift */ = {isa = PBXFileReference; fileEncoding = 4; lastKnownFileType = sourcecode.swift; path = ResultViewController.swift; sourceTree = "<group>"; };
		D046245F1C6EC74800A760D6 /* AnimationUtility.swift */ = {isa = PBXFileReference; fileEncoding = 4; lastKnownFileType = sourcecode.swift; path = AnimationUtility.swift; sourceTree = "<group>"; };
		D04624611C6EC74800A760D6 /* bg_blue@2x.png */ = {isa = PBXFileReference; lastKnownFileType = image.png; path = "bg_blue@2x.png"; sourceTree = "<group>"; };
		D04624621C6EC74800A760D6 /* bg_gold@2x.png */ = {isa = PBXFileReference; lastKnownFileType = image.png; path = "bg_gold@2x.png"; sourceTree = "<group>"; };
		D04624631C6EC74800A760D6 /* bg_red@2x.png */ = {isa = PBXFileReference; lastKnownFileType = image.png; path = "bg_red@2x.png"; sourceTree = "<group>"; };
		D04624641C6EC74800A760D6 /* gacha@2x (1).png */ = {isa = PBXFileReference; lastKnownFileType = image.png; path = "gacha@2x (1).png"; sourceTree = "<group>"; };
		D04624651C6EC74800A760D6 /* gacha@2x.png */ = {isa = PBXFileReference; lastKnownFileType = image.png; path = "gacha@2x.png"; sourceTree = "<group>"; };
		D04624671C6EC74800A760D6 /* Default-568h@2x.png */ = {isa = PBXFileReference; lastKnownFileType = image.png; path = "Default-568h@2x.png"; sourceTree = "<group>"; };
		D04624681C6EC74800A760D6 /* Default-667h@2x.png */ = {isa = PBXFileReference; lastKnownFileType = image.png; path = "Default-667h@2x.png"; sourceTree = "<group>"; };
		D04624691C6EC74800A760D6 /* Default-736h@3x.png */ = {isa = PBXFileReference; lastKnownFileType = image.png; path = "Default-736h@3x.png"; sourceTree = "<group>"; };
		D046246B1C6EC74800A760D6 /* monster001.png */ = {isa = PBXFileReference; lastKnownFileType = image.png; path = monster001.png; sourceTree = "<group>"; };
		D046246C1C6EC74800A760D6 /* monster002.png */ = {isa = PBXFileReference; lastKnownFileType = image.png; path = monster002.png; sourceTree = "<group>"; };
		D046246D1C6EC74800A760D6 /* monster003.png */ = {isa = PBXFileReference; lastKnownFileType = image.png; path = monster003.png; sourceTree = "<group>"; };
		D046246E1C6EC74800A760D6 /* monster004.png */ = {isa = PBXFileReference; lastKnownFileType = image.png; path = monster004.png; sourceTree = "<group>"; };
		D046246F1C6EC74800A760D6 /* monster005.png */ = {isa = PBXFileReference; lastKnownFileType = image.png; path = monster005.png; sourceTree = "<group>"; };
		D04624701C6EC74800A760D6 /* monster006.png */ = {isa = PBXFileReference; lastKnownFileType = image.png; path = monster006.png; sourceTree = "<group>"; };
		D04624711C6EC74800A760D6 /* monster007.png */ = {isa = PBXFileReference; lastKnownFileType = image.png; path = monster007.png; sourceTree = "<group>"; };
		D04624721C6EC74800A760D6 /* monster008.png */ = {isa = PBXFileReference; lastKnownFileType = image.png; path = monster008.png; sourceTree = "<group>"; };
		D04624731C6EC74800A760D6 /* monster009.png */ = {isa = PBXFileReference; lastKnownFileType = image.png; path = monster009.png; sourceTree = "<group>"; };
		D04624741C6EC74800A760D6 /* monster010.png */ = {isa = PBXFileReference; lastKnownFileType = image.png; path = monster010.png; sourceTree = "<group>"; };
/* End PBXFileReference section */

/* Begin PBXFrameworksBuildPhase section */
		D04624281C6EC43100A760D6 /* Frameworks */ = {
			isa = PBXFrameworksBuildPhase;
			buildActionMask = 2147483647;
			files = (
			);
			runOnlyForDeploymentPostprocessing = 0;
		};
		D046243C1C6EC43100A760D6 /* Frameworks */ = {
			isa = PBXFrameworksBuildPhase;
			buildActionMask = 2147483647;
			files = (
			);
			runOnlyForDeploymentPostprocessing = 0;
		};
		D04624471C6EC43100A760D6 /* Frameworks */ = {
			isa = PBXFrameworksBuildPhase;
			buildActionMask = 2147483647;
			files = (
			);
			runOnlyForDeploymentPostprocessing = 0;
		};
/* End PBXFrameworksBuildPhase section */

/* Begin PBXGroup section */
		D04624221C6EC43100A760D6 = {
			isa = PBXGroup;
			children = (
				D046242D1C6EC43100A760D6 /* GachagachaTest */,
				D04624421C6EC43100A760D6 /* GachagachaTestTests */,
				D046244D1C6EC43100A760D6 /* GachagachaTestUITests */,
				D046242C1C6EC43100A760D6 /* Products */,
			);
			sourceTree = "<group>";
		};
		D046242C1C6EC43100A760D6 /* Products */ = {
			isa = PBXGroup;
			children = (
				D046242B1C6EC43100A760D6 /* GachagachaTest.app */,
				D046243F1C6EC43100A760D6 /* GachagachaTestTests.xctest */,
				D046244A1C6EC43100A760D6 /* GachagachaTestUITests.xctest */,
			);
			name = Products;
			sourceTree = "<group>";
		};
		D046242D1C6EC43100A760D6 /* GachagachaTest */ = {
			isa = PBXGroup;
			children = (
				D046245E1C6EC74800A760D6 /* GachaResources */,
				D046242E1C6EC43100A760D6 /* AppDelegate.swift */,
				D04624301C6EC43100A760D6 /* ViewController.swift */,
				D04624321C6EC43100A760D6 /* Main.storyboard */,
				D04624351C6EC43100A760D6 /* Assets.xcassets */,
				D04624371C6EC43100A760D6 /* LaunchScreen.storyboard */,
				D046243A1C6EC43100A760D6 /* Info.plist */,
				D046245C1C6EC72300A760D6 /* ResultViewController.swift */,
			);
			path = GachagachaTest;
			sourceTree = "<group>";
		};
		D04624421C6EC43100A760D6 /* GachagachaTestTests */ = {
			isa = PBXGroup;
			children = (
				D04624431C6EC43100A760D6 /* GachagachaTestTests.swift */,
				D04624451C6EC43100A760D6 /* Info.plist */,
			);
			path = GachagachaTestTests;
			sourceTree = "<group>";
		};
		D046244D1C6EC43100A760D6 /* GachagachaTestUITests */ = {
			isa = PBXGroup;
			children = (
				D046244E1C6EC43100A760D6 /* GachagachaTestUITests.swift */,
				D04624501C6EC43100A760D6 /* Info.plist */,
			);
			path = GachagachaTestUITests;
			sourceTree = "<group>";
		};
		D046245E1C6EC74800A760D6 /* GachaResources */ = {
			isa = PBXGroup;
			children = (
				D046245F1C6EC74800A760D6 /* AnimationUtility.swift */,
				D04624601C6EC74800A760D6 /* background */,
				D04624661C6EC74800A760D6 /* Defaults */,
				D046246A1C6EC74800A760D6 /* monster */,
			);
			path = GachaResources;
			sourceTree = "<group>";
		};
		D04624601C6EC74800A760D6 /* background */ = {
			isa = PBXGroup;
			children = (
				D04624611C6EC74800A760D6 /* bg_blue@2x.png */,
				D04624621C6EC74800A760D6 /* bg_gold@2x.png */,
				D04624631C6EC74800A760D6 /* bg_red@2x.png */,
				D04624641C6EC74800A760D6 /* gacha@2x (1).png */,
				D04624651C6EC74800A760D6 /* gacha@2x.png */,
			);
			path = background;
			sourceTree = "<group>";
		};
		D04624661C6EC74800A760D6 /* Defaults */ = {
			isa = PBXGroup;
			children = (
				D04624671C6EC74800A760D6 /* Default-568h@2x.png */,
				D04624681C6EC74800A760D6 /* Default-667h@2x.png */,
				D04624691C6EC74800A760D6 /* Default-736h@3x.png */,
			);
			path = Defaults;
			sourceTree = "<group>";
		};
		D046246A1C6EC74800A760D6 /* monster */ = {
			isa = PBXGroup;
			children = (
				D046246B1C6EC74800A760D6 /* monster001.png */,
				D046246C1C6EC74800A760D6 /* monster002.png */,
				D046246D1C6EC74800A760D6 /* monster003.png */,
				D046246E1C6EC74800A760D6 /* monster004.png */,
				D046246F1C6EC74800A760D6 /* monster005.png */,
				D04624701C6EC74800A760D6 /* monster006.png */,
				D04624711C6EC74800A760D6 /* monster007.png */,
				D04624721C6EC74800A760D6 /* monster008.png */,
				D04624731C6EC74800A760D6 /* monster009.png */,
				D04624741C6EC74800A760D6 /* monster010.png */,
			);
			path = monster;
			sourceTree = "<group>";
		};
/* End PBXGroup section */

/* Begin PBXNativeTarget section */
		D046242A1C6EC43100A760D6 /* GachagachaTest */ = {
			isa = PBXNativeTarget;
			buildConfigurationList = D04624531C6EC43100A760D6 /* Build configuration list for PBXNativeTarget "GachagachaTest" */;
			buildPhases = (
				D04624271C6EC43100A760D6 /* Sources */,
				D04624281C6EC43100A760D6 /* Frameworks */,
				D04624291C6EC43100A760D6 /* Resources */,
			);
			buildRules = (
			);
			dependencies = (
			);
			name = GachagachaTest;
			productName = GachagachaTest;
			productReference = D046242B1C6EC43100A760D6 /* GachagachaTest.app */;
			productType = "com.apple.product-type.application";
		};
		D046243E1C6EC43100A760D6 /* GachagachaTestTests */ = {
			isa = PBXNativeTarget;
			buildConfigurationList = D04624561C6EC43100A760D6 /* Build configuration list for PBXNativeTarget "GachagachaTestTests" */;
			buildPhases = (
				D046243B1C6EC43100A760D6 /* Sources */,
				D046243C1C6EC43100A760D6 /* Frameworks */,
				D046243D1C6EC43100A760D6 /* Resources */,
			);
			buildRules = (
			);
			dependencies = (
				D04624411C6EC43100A760D6 /* PBXTargetDependency */,
			);
			name = GachagachaTestTests;
			productName = GachagachaTestTests;
			productReference = D046243F1C6EC43100A760D6 /* GachagachaTestTests.xctest */;
			productType = "com.apple.product-type.bundle.unit-test";
		};
		D04624491C6EC43100A760D6 /* GachagachaTestUITests */ = {
			isa = PBXNativeTarget;
			buildConfigurationList = D04624591C6EC43100A760D6 /* Build configuration list for PBXNativeTarget "GachagachaTestUITests" */;
			buildPhases = (
				D04624461C6EC43100A760D6 /* Sources */,
				D04624471C6EC43100A760D6 /* Frameworks */,
				D04624481C6EC43100A760D6 /* Resources */,
			);
			buildRules = (
			);
			dependencies = (
				D046244C1C6EC43100A760D6 /* PBXTargetDependency */,
			);
			name = GachagachaTestUITests;
			productName = GachagachaTestUITests;
			productReference = D046244A1C6EC43100A760D6 /* GachagachaTestUITests.xctest */;
			productType = "com.apple.product-type.bundle.ui-testing";
		};
/* End PBXNativeTarget section */

/* Begin PBXProject section */
		D04624231C6EC43100A760D6 /* Project object */ = {
			isa = PBXProject;
			attributes = {
				LastSwiftUpdateCheck = 0720;
				LastUpgradeCheck = 0720;
				ORGANIZATIONNAME = "SEKINE YURI";
				TargetAttributes = {
					D046242A1C6EC43100A760D6 = {
						CreatedOnToolsVersion = 7.2.1;
						DevelopmentTeam = DYQ5RU68TK;
					};
					D046243E1C6EC43100A760D6 = {
						CreatedOnToolsVersion = 7.2.1;
						DevelopmentTeam = DYQ5RU68TK;
						TestTargetID = D046242A1C6EC43100A760D6;
					};
					D04624491C6EC43100A760D6 = {
						CreatedOnToolsVersion = 7.2.1;
						DevelopmentTeam = DYQ5RU68TK;
						TestTargetID = D046242A1C6EC43100A760D6;
					};
				};
			};
			buildConfigurationList = D04624261C6EC43100A760D6 /* Build configuration list for PBXProject "GachagachaTest" */;
			compatibilityVersion = "Xcode 3.2";
			developmentRegion = English;
			hasScannedForEncodings = 0;
			knownRegions = (
				en,
				Base,
			);
			mainGroup = D04624221C6EC43100A760D6;
			productRefGroup = D046242C1C6EC43100A760D6 /* Products */;
			projectDirPath = "";
			projectRoot = "";
			targets = (
				D046242A1C6EC43100A760D6 /* GachagachaTest */,
				D046243E1C6EC43100A760D6 /* GachagachaTestTests */,
				D04624491C6EC43100A760D6 /* GachagachaTestUITests */,
			);
		};
/* End PBXProject section */

/* Begin PBXResourcesBuildPhase section */
		D04624291C6EC43100A760D6 /* Resources */ = {
			isa = PBXResourcesBuildPhase;
			buildActionMask = 2147483647;
			files = (
				D04624831C6EC74800A760D6 /* monster006.png in Resources */,
				D04624391C6EC43100A760D6 /* LaunchScreen.storyboard in Resources */,
				D046247F1C6EC74800A760D6 /* monster002.png in Resources */,
				D04624771C6EC74800A760D6 /* bg_gold@2x.png in Resources */,
				D046247B1C6EC74800A760D6 /* Default-568h@2x.png in Resources */,
				D04624811C6EC74800A760D6 /* monster004.png in Resources */,
				D046247D1C6EC74800A760D6 /* Default-736h@3x.png in Resources */,
				D04624791C6EC74800A760D6 /* gacha@2x (1).png in Resources */,
				D04624361C6EC43100A760D6 /* Assets.xcassets in Resources */,
				D04624871C6EC74800A760D6 /* monster010.png in Resources */,
				D04624341C6EC43100A760D6 /* Main.storyboard in Resources */,
				D04624841C6EC74800A760D6 /* monster007.png in Resources */,
				D046247A1C6EC74800A760D6 /* gacha@2x.png in Resources */,
				D04624761C6EC74800A760D6 /* bg_blue@2x.png in Resources */,
				D04624851C6EC74800A760D6 /* monster008.png in Resources */,
				D04624861C6EC74800A760D6 /* monster009.png in Resources */,
				D04624801C6EC74800A760D6 /* monster003.png in Resources */,
				D04624781C6EC74800A760D6 /* bg_red@2x.png in Resources */,
				D046247E1C6EC74800A760D6 /* monster001.png in Resources */,
				D04624821C6EC74800A760D6 /* monster005.png in Resources */,
				D046247C1C6EC74800A760D6 /* Default-667h@2x.png in Resources */,
			);
			runOnlyForDeploymentPostprocessing = 0;
		};
		D046243D1C6EC43100A760D6 /* Resources */ = {
			isa = PBXResourcesBuildPhase;
			buildActionMask = 2147483647;
			files = (
			);
			runOnlyForDeploymentPostprocessing = 0;
		};
		D04624481C6EC43100A760D6 /* Resources */ = {
			isa = PBXResourcesBuildPhase;
			buildActionMask = 2147483647;
			files = (
			);
			runOnlyForDeploymentPostprocessing = 0;
		};
/* End PBXResourcesBuildPhase section */

/* Begin PBXSourcesBuildPhase section */
		D04624271C6EC43100A760D6 /* Sources */ = {
			isa = PBXSourcesBuildPhase;
			buildActionMask = 2147483647;
			files = (
				D04624311C6EC43100A760D6 /* ViewController.swift in Sources */,
				D04624751C6EC74800A760D6 /* AnimationUtility.swift in Sources */,
				D046242F1C6EC43100A760D6 /* AppDelegate.swift in Sources */,
				D046245D1C6EC72300A760D6 /* ResultViewController.swift in Sources */,
			);
			runOnlyForDeploymentPostprocessing = 0;
		};
		D046243B1C6EC43100A760D6 /* Sources */ = {
			isa = PBXSourcesBuildPhase;
			buildActionMask = 2147483647;
			files = (
				D04624441C6EC43100A760D6 /* GachagachaTestTests.swift in Sources */,
			);
			runOnlyForDeploymentPostprocessing = 0;
		};
		D04624461C6EC43100A760D6 /* Sources */ = {
			isa = PBXSourcesBuildPhase;
			buildActionMask = 2147483647;
			files = (
				D046244F1C6EC43100A760D6 /* GachagachaTestUITests.swift in Sources */,
			);
			runOnlyForDeploymentPostprocessing = 0;
		};
/* End PBXSourcesBuildPhase section */

/* Begin PBXTargetDependency section */
		D04624411C6EC43100A760D6 /* PBXTargetDependency */ = {
			isa = PBXTargetDependency;
			target = D046242A1C6EC43100A760D6 /* GachagachaTest */;
			targetProxy = D04624401C6EC43100A760D6 /* PBXContainerItemProxy */;
		};
		D046244C1C6EC43100A760D6 /* PBXTargetDependency */ = {
			isa = PBXTargetDependency;
			target = D046242A1C6EC43100A760D6 /* GachagachaTest */;
			targetProxy = D046244B1C6EC43100A760D6 /* PBXContainerItemProxy */;
		};
/* End PBXTargetDependency section */

/* Begin PBXVariantGroup section */
		D04624321C6EC43100A760D6 /* Main.storyboard */ = {
			isa = PBXVariantGroup;
			children = (
				D04624331C6EC43100A760D6 /* Base */,
			);
			name = Main.storyboard;
			sourceTree = "<group>";
		};
		D04624371C6EC43100A760D6 /* LaunchScreen.storyboard */ = {
			isa = PBXVariantGroup;
			children = (
				D04624381C6EC43100A760D6 /* Base */,
			);
			name = LaunchScreen.storyboard;
			sourceTree = "<group>";
		};
/* End PBXVariantGroup section */

/* Begin XCBuildConfiguration section */
		D04624511C6EC43100A760D6 /* Debug */ = {
			isa = XCBuildConfiguration;
			buildSettings = {
				ALWAYS_SEARCH_USER_PATHS = NO;
				CLANG_CXX_LANGUAGE_STANDARD = "gnu++0x";
				CLANG_CXX_LIBRARY = "libc++";
				CLANG_ENABLE_MODULES = YES;
				CLANG_ENABLE_OBJC_ARC = YES;
				CLANG_WARN_BOOL_CONVERSION = YES;
				CLANG_WARN_CONSTANT_CONVERSION = YES;
				CLANG_WARN_DIRECT_OBJC_ISA_USAGE = YES_ERROR;
				CLANG_WARN_EMPTY_BODY = YES;
				CLANG_WARN_ENUM_CONVERSION = YES;
				CLANG_WARN_INT_CONVERSION = YES;
				CLANG_WARN_OBJC_ROOT_CLASS = YES_ERROR;
				CLANG_WARN_UNREACHABLE_CODE = YES;
				CLANG_WARN__DUPLICATE_METHOD_MATCH = YES;
				"CODE_SIGN_IDENTITY[sdk=iphoneos*]" = "iPhone Developer";
				COPY_PHASE_STRIP = NO;
				DEBUG_INFORMATION_FORMAT = dwarf;
				ENABLE_STRICT_OBJC_MSGSEND = YES;
				ENABLE_TESTABILITY = YES;
				GCC_C_LANGUAGE_STANDARD = gnu99;
				GCC_DYNAMIC_NO_PIC = NO;
				GCC_NO_COMMON_BLOCKS = YES;
				GCC_OPTIMIZATION_LEVEL = 0;
				GCC_PREPROCESSOR_DEFINITIONS = (
					"DEBUG=1",
					"$(inherited)",
				);
				GCC_WARN_64_TO_32_BIT_CONVERSION = YES;
				GCC_WARN_ABOUT_RETURN_TYPE = YES_ERROR;
				GCC_WARN_UNDECLARED_SELECTOR = YES;
				GCC_WARN_UNINITIALIZED_AUTOS = YES_AGGRESSIVE;
				GCC_WARN_UNUSED_FUNCTION = YES;
				GCC_WARN_UNUSED_VARIABLE = YES;
				IPHONEOS_DEPLOYMENT_TARGET = 9.2;
				MTL_ENABLE_DEBUG_INFO = YES;
				ONLY_ACTIVE_ARCH = YES;
				SDKROOT = iphoneos;
				SWIFT_OPTIMIZATION_LEVEL = "-Onone";
			};
			name = Debug;
		};
		D04624521C6EC43100A760D6 /* Release */ = {
			isa = XCBuildConfiguration;
			buildSettings = {
				ALWAYS_SEARCH_USER_PATHS = NO;
				CLANG_CXX_LANGUAGE_STANDARD = "gnu++0x";
				CLANG_CXX_LIBRARY = "libc++";
				CLANG_ENABLE_MODULES = YES;
				CLANG_ENABLE_OBJC_ARC = YES;
				CLANG_WARN_BOOL_CONVERSION = YES;
				CLANG_WARN_CONSTANT_CONVERSION = YES;
				CLANG_WARN_DIRECT_OBJC_ISA_USAGE = YES_ERROR;
				CLANG_WARN_EMPTY_BODY = YES;
				CLANG_WARN_ENUM_CONVERSION = YES;
				CLANG_WARN_INT_CONVERSION = YES;
				CLANG_WARN_OBJC_ROOT_CLASS = YES_ERROR;
				CLANG_WARN_UNREACHABLE_CODE = YES;
				CLANG_WARN__DUPLICATE_METHOD_MATCH = YES;
				"CODE_SIGN_IDENTITY[sdk=iphoneos*]" = "iPhone Developer";
				COPY_PHASE_STRIP = NO;
				DEBUG_INFORMATION_FORMAT = "dwarf-with-dsym";
				ENABLE_NS_ASSERTIONS = NO;
				ENABLE_STRICT_OBJC_MSGSEND = YES;
				GCC_C_LANGUAGE_STANDARD = gnu99;
				GCC_NO_COMMON_BLOCKS = YES;
				GCC_WARN_64_TO_32_BIT_CONVERSION = YES;
				GCC_WARN_ABOUT_RETURN_TYPE = YES_ERROR;
				GCC_WARN_UNDECLARED_SELECTOR = YES;
				GCC_WARN_UNINITIALIZED_AUTOS = YES_AGGRESSIVE;
				GCC_WARN_UNUSED_FUNCTION = YES;
				GCC_WARN_UNUSED_VARIABLE = YES;
				IPHONEOS_DEPLOYMENT_TARGET = 9.2;
				MTL_ENABLE_DEBUG_INFO = NO;
				SDKROOT = iphoneos;
				VALIDATE_PRODUCT = YES;
			};
			name = Release;
		};
		D04624541C6EC43100A760D6 /* Debug */ = {
			isa = XCBuildConfiguration;
			buildSettings = {
				ASSETCATALOG_COMPILER_APPICON_NAME = AppIcon;
				INFOPLIST_FILE = GachagachaTest/Info.plist;
				LD_RUNPATH_SEARCH_PATHS = "$(inherited) @executable_path/Frameworks";
				PRODUCT_BUNDLE_IDENTIFIER = com.sekine.GachagachaTest;
				PRODUCT_NAME = "$(TARGET_NAME)";
			};
			name = Debug;
		};
		D04624551C6EC43100A760D6 /* Release */ = {
			isa = XCBuildConfiguration;
			buildSettings = {
				ASSETCATALOG_COMPILER_APPICON_NAME = AppIcon;
				INFOPLIST_FILE = GachagachaTest/Info.plist;
				LD_RUNPATH_SEARCH_PATHS = "$(inherited) @executable_path/Frameworks";
				PRODUCT_BUNDLE_IDENTIFIER = com.sekine.GachagachaTest;
				PRODUCT_NAME = "$(TARGET_NAME)";
			};
			name = Release;
		};
		D04624571C6EC43100A760D6 /* Debug */ = {
			isa = XCBuildConfiguration;
			buildSettings = {
				BUNDLE_LOADER = "$(TEST_HOST)";
				INFOPLIST_FILE = GachagachaTestTests/Info.plist;
				LD_RUNPATH_SEARCH_PATHS = "$(inherited) @executable_path/Frameworks @loader_path/Frameworks";
				PRODUCT_BUNDLE_IDENTIFIER = com.sekine.GachagachaTestTests;
				PRODUCT_NAME = "$(TARGET_NAME)";
				TEST_HOST = "$(BUILT_PRODUCTS_DIR)/GachagachaTest.app/GachagachaTest";
			};
			name = Debug;
		};
		D04624581C6EC43100A760D6 /* Release */ = {
			isa = XCBuildConfiguration;
			buildSettings = {
				BUNDLE_LOADER = "$(TEST_HOST)";
				INFOPLIST_FILE = GachagachaTestTests/Info.plist;
				LD_RUNPATH_SEARCH_PATHS = "$(inherited) @executable_path/Frameworks @loader_path/Frameworks";
				PRODUCT_BUNDLE_IDENTIFIER = com.sekine.GachagachaTestTests;
				PRODUCT_NAME = "$(TARGET_NAME)";
				TEST_HOST = "$(BUILT_PRODUCTS_DIR)/GachagachaTest.app/GachagachaTest";
			};
			name = Release;
		};
		D046245A1C6EC43100A760D6 /* Debug */ = {
			isa = XCBuildConfiguration;
			buildSettings = {
				INFOPLIST_FILE = GachagachaTestUITests/Info.plist;
				LD_RUNPATH_SEARCH_PATHS = "$(inherited) @executable_path/Frameworks @loader_path/Frameworks";
				PRODUCT_BUNDLE_IDENTIFIER = com.sekine.GachagachaTestUITests;
				PRODUCT_NAME = "$(TARGET_NAME)";
				TEST_TARGET_NAME = GachagachaTest;
				USES_XCTRUNNER = YES;
			};
			name = Debug;
		};
		D046245B1C6EC43100A760D6 /* Release */ = {
			isa = XCBuildConfiguration;
			buildSettings = {
				INFOPLIST_FILE = GachagachaTestUITests/Info.plist;
				LD_RUNPATH_SEARCH_PATHS = "$(inherited) @executable_path/Frameworks @loader_path/Frameworks";
				PRODUCT_BUNDLE_IDENTIFIER = com.sekine.GachagachaTestUITests;
				PRODUCT_NAME = "$(TARGET_NAME)";
				TEST_TARGET_NAME = GachagachaTest;
				USES_XCTRUNNER = YES;
			};
			name = Release;
		};
/* End XCBuildConfiguration section */

/* Begin XCConfigurationList section */
		D04624261C6EC43100A760D6 /* Build configuration list for PBXProject "GachagachaTest" */ = {
			isa = XCConfigurationList;
			buildConfigurations = (
				D04624511C6EC43100A760D6 /* Debug */,
				D04624521C6EC43100A760D6 /* Release */,
			);
			defaultConfigurationIsVisible = 0;
			defaultConfigurationName = Release;
		};
		D04624531C6EC43100A760D6 /* Build configuration list for PBXNativeTarget "GachagachaTest" */ = {
			isa = XCConfigurationList;
			buildConfigurations = (
				D04624541C6EC43100A760D6 /* Debug */,
				D04624551C6EC43100A760D6 /* Release */,
			);
			defaultConfigurationIsVisible = 0;
		};
		D04624561C6EC43100A760D6 /* Build configuration list for PBXNativeTarget "GachagachaTestTests" */ = {
			isa = XCConfigurationList;
			buildConfigurations = (
				D04624571C6EC43100A760D6 /* Debug */,
				D04624581C6EC43100A760D6 /* Release */,
			);
			defaultConfigurationIsVisible = 0;
		};
		D04624591C6EC43100A760D6 /* Build configuration list for PBXNativeTarget "GachagachaTestUITests" */ = {
			isa = XCConfigurationList;
			buildConfigurations = (
				D046245A1C6EC43100A760D6 /* Debug */,
				D046245B1C6EC43100A760D6 /* Release */,
			);
			defaultConfigurationIsVisible = 0;
		};
/* End XCConfigurationList section */
	};
	rootObject = D04624231C6EC43100A760D6 /* Project object */;
}
